
Microsoft Visual Studio Solution File, Format Version 12.00
# Visual Studio 14
VisualStudioVersion = 14.0.25420.1
MinimumVisualStudioVersion = 10.0.40219.1
Project("{8BC9CEB8-8B4A-11D0-8D11-00A0C91BC942}") = "Calculate", "Calculate\Calculate.vcxproj", "{5C2C2825-7AB1-4488-B278-D8F54A053387}"
EndProject
Project("{8BC9CEB8-8B4A-11D0-8D11-00A0C91BC942}") = "UnitTest2", "UnitTest2\UnitTest2.vcxproj", "{D0E450E6-EC01-4390-97AA-5E65A040E716}"
EndProject
Global
	GlobalSection(SolutionConfigurationPlatforms) = preSolution
		Debug|x64 = Debug|x64
		Debug|x86 = Debug|x86
		Release|x64 = Release|x64
		Release|x86 = Release|x86
	EndGlobalSection
	GlobalSection(ProjectConfigurationPlatforms) = postSolution
		{5C2C2825-7AB1-4488-B278-D8F54A053387}.Debug|x64.ActiveCfg = Debug|x64
		{5C2C2825-7AB1-4488-B278-D8F54A053387}.Debug|x64.Build.0 = Debug|x64
		{5C2C2825-7AB1-4488-B278-D8F54A053387}.Debug|x86.ActiveCfg = Debug|Win32
		{5C2C2825-7AB1-4488-B278-D8F54A053387}.Debug|x86.Build.0 = Debug|Win32
		{5C2C2825-7AB1-4488-B278-D8F54A053387}.Release|x64.ActiveCfg = Release|x64
		{5C2C2825-7AB1-4488-B278-D8F54A053387}.Release|x64.Build.0 = Release|x64
		{5C2C2825-7AB1-4488-B278-D8F54A053387}.Release|x86.ActiveCfg = Release|Win32
		{5C2C2825-7AB1-4488-B278-D8F54A053387}.Release|x86.Build.0 = Release|Win32
		{D0E450E6-EC01-4390-97AA-5E65A040E716}.Debug|x64.ActiveCfg = Debug|x64
		{D0E450E6-EC01-4390-97AA-5E65A040E716}.Debug|x64.Build.0 = Debug|x64
		{D0E450E6-EC01-4390-97AA-5E65A040E716}.Debug|x86.ActiveCfg = Debug|Win32
		{D0E450E6-EC01-4390-97AA-5E65A040E716}.Debug|x86.Build.0 = Debug|Win32
		{D0E450E6-EC01-4390-97AA-5E65A040E716}.Release|x64.ActiveCfg = Release|x64
		{D0E450E6-EC01-4390-97AA-5E65A040E716}.Release|x64.Build.0 = Release|x64
		{D0E450E6-EC01-4390-97AA-5E65A040E716}.Release|x86.ActiveCfg = Release|Win32
		{D0E450E6-EC01-4390-97AA-5E65A040E716}.Release|x86.Build.0 = Release|Win32
	EndGlobalSection
	GlobalSection(SolutionProperties) = preSolution
		HideSolutionNode = FALSE
	EndGlobalSection
EndGlobal
